
Microsoft Visual Studio Solution File, Format Version 12.00
# Visual Studio Version 17
VisualStudioVersion = 17.0.31903.59
MinimumVisualStudioVersion = 10.0.40219.1
Project("{2150E333-8FDC-42A3-9474-1A3956D46DE8}") = "src", "src", "{827E0CD3-B72D-47B6-A68D-7590B98EB39B}"
EndProject
Project("{FAE04EC0-301F-11D3-BF4B-00C04F79EFBC}") = "VoxInject", "src\VoxInject\VoxInject.csproj", "{5A2A5DB5-D68B-46DC-B9A4-87FC67E9C2DB}"
EndProject
Project("{FAE04EC0-301F-11D3-BF4B-00C04F79EFBC}") = "VoxInject.Providers.Abstractions", "src\VoxInject.Providers.Abstractions\VoxInject.Providers.Abstractions.csproj", "{6FD5D78E-2CD5-4A30-AC01-BF59BB8DE85A}"
EndProject
Project("{FAE04EC0-301F-11D3-BF4B-00C04F79EFBC}") = "VoxInject.Providers.AssemblyAI", "src\VoxInject.Providers.AssemblyAI\VoxInject.Providers.AssemblyAI.csproj", "{0F2A3EF1-D385-41BA-8B0F-FD4463CABEB4}"
EndProject
Project("{2150E333-8FDC-42A3-9474-1A3956D46DE8}") = "tests", "tests", "{0AB3BF05-4346-4AA6-1389-037BE0695223}"
EndProject
Project("{FAE04EC0-301F-11D3-BF4B-00C04F79EFBC}") = "VoxInject.Tests", "tests\VoxInject.Tests\VoxInject.Tests.csproj", "{E97AB663-BD05-4BFE-8F7F-B5DF85103612}"
EndProject
Global
	GlobalSection(SolutionConfigurationPlatforms) = preSolution
		Debug|Any CPU = Debug|Any CPU
		Debug|x64 = Debug|x64
		Debug|x86 = Debug|x86
		Release|Any CPU = Release|Any CPU
		Release|x64 = Release|x64
		Release|x86 = Release|x86
	EndGlobalSection
	GlobalSection(ProjectConfigurationPlatforms) = postSolution
		{5A2A5DB5-D68B-46DC-B9A4-87FC67E9C2DB}.Debug|Any CPU.ActiveCfg = Debug|x64
		{5A2A5DB5-D68B-46DC-B9A4-87FC67E9C2DB}.Debug|Any CPU.Build.0 = Debug|x64
		{5A2A5DB5-D68B-46DC-B9A4-87FC67E9C2DB}.Debug|x64.ActiveCfg = Debug|x64
		{5A2A5DB5-D68B-46DC-B9A4-87FC67E9C2DB}.Debug|x64.Build.0 = Debug|x64
		{5A2A5DB5-D68B-46DC-B9A4-87FC67E9C2DB}.Debug|x86.ActiveCfg = Debug|x64
		{5A2A5DB5-D68B-46DC-B9A4-87FC67E9C2DB}.Debug|x86.Build.0 = Debug|x64
		{5A2A5DB5-D68B-46DC-B9A4-87FC67E9C2DB}.Release|Any CPU.ActiveCfg = Release|x64
		{5A2A5DB5-D68B-46DC-B9A4-87FC67E9C2DB}.Release|Any CPU.Build.0 = Release|x64
		{5A2A5DB5-D68B-46DC-B9A4-87FC67E9C2DB}.Release|x64.ActiveCfg = Release|x64
		{5A2A5DB5-D68B-46DC-B9A4-87FC67E9C2DB}.Release|x64.Build.0 = Release|x64
		{5A2A5DB5-D68B-46DC-B9A4-87FC67E9C2DB}.Release|x86.ActiveCfg = Release|x64
		{5A2A5DB5-D68B-46DC-B9A4-87FC67E9C2DB}.Release|x86.Build.0 = Release|x64
		{6FD5D78E-2CD5-4A30-AC01-BF59BB8DE85A}.Debug|Any CPU.ActiveCfg = Debug|Any CPU
		{6FD5D78E-2CD5-4A30-AC01-BF59BB8DE85A}.Debug|Any CPU.Build.0 = Debug|Any CPU
		{6FD5D78E-2CD5-4A30-AC01-BF59BB8DE85A}.Debug|x64.ActiveCfg = Debug|Any CPU
		{6FD5D78E-2CD5-4A30-AC01-BF59BB8DE85A}.Debug|x64.Build.0 = Debug|Any CPU
		{6FD5D78E-2CD5-4A30-AC01-BF59BB8DE85A}.Debug|x86.ActiveCfg = Debug|Any CPU
		{6FD5D78E-2CD5-4A30-AC01-BF59BB8DE85A}.Debug|x86.Build.0 = Debug|Any CPU
		{6FD5D78E-2CD5-4A30-AC01-BF59BB8DE85A}.Release|Any CPU.ActiveCfg = Release|Any CPU
		{6FD5D78E-2CD5-4A30-AC01-BF59BB8DE85A}.Release|Any CPU.Build.0 = Release|Any CPU
		{6FD5D78E-2CD5-4A30-AC01-BF59BB8DE85A}.Release|x64.ActiveCfg = Release|Any CPU
		{6FD5D78E-2CD5-4A30-AC01-BF59BB8DE85A}.Release|x64.Build.0 = Release|Any CPU
		{6FD5D78E-2CD5-4A30-AC01-BF59BB8DE85A}.Release|x86.ActiveCfg = Release|Any CPU
		{6FD5D78E-2CD5-4A30-AC01-BF59BB8DE85A}.Release|x86.Build.0 = Release|Any CPU
		{0F2A3EF1-D385-41BA-8B0F-FD4463CABEB4}.Debug|Any CPU.ActiveCfg = Debug|Any CPU
		{0F2A3EF1-D385-41BA-8B0F-FD4463CABEB4}.Debug|Any CPU.Build.0 = Debug|Any CPU
		{0F2A3EF1-D385-41BA-8B0F-FD4463CABEB4}.Debug|x64.ActiveCfg = Debug|Any CPU
		{0F2A3EF1-D385-41BA-8B0F-FD4463CABEB4}.Debug|x64.Build.0 = Debug|Any CPU
		{0F2A3EF1-D385-41BA-8B0F-FD4463CABEB4}.Debug|x86.ActiveCfg = Debug|Any CPU
		{0F2A3EF1-D385-41BA-8B0F-FD4463CABEB4}.Debug|x86.Build.0 = Debug|Any CPU
		{0F2A3EF1-D385-41BA-8B0F-FD4463CABEB4}.Release|Any CPU.ActiveCfg = Release|Any CPU
		{0F2A3EF1-D385-41BA-8B0F-FD4463CABEB4}.Release|Any CPU.Build.0 = Release|Any CPU
		{0F2A3EF1-D385-41BA-8B0F-FD4463CABEB4}.Release|x64.ActiveCfg = Release|Any CPU
		{0F2A3EF1-D385-41BA-8B0F-FD4463CABEB4}.Release|x64.Build.0 = Release|Any CPU
		{0F2A3EF1-D385-41BA-8B0F-FD4463CABEB4}.Release|x86.ActiveCfg = Release|Any CPU
		{0F2A3EF1-D385-41BA-8B0F-FD4463CABEB4}.Release|x86.Build.0 = Release|Any CPU
		{E97AB663-BD05-4BFE-8F7F-B5DF85103612}.Debug|Any CPU.ActiveCfg = Debug|Any CPU
		{E97AB663-BD05-4BFE-8F7F-B5DF85103612}.Debug|Any CPU.Build.0 = Debug|Any CPU
		{E97AB663-BD05-4BFE-8F7F-B5DF85103612}.Debug|x64.ActiveCfg = Debug|Any CPU
		{E97AB663-BD05-4BFE-8F7F-B5DF85103612}.Debug|x64.Build.0 = Debug|Any CPU
		{E97AB663-BD05-4BFE-8F7F-B5DF85103612}.Debug|x86.ActiveCfg = Debug|Any CPU
		{E97AB663-BD05-4BFE-8F7F-B5DF85103612}.Debug|x86.Build.0 = Debug|Any CPU
		{E97AB663-BD05-4BFE-8F7F-B5DF85103612}.Release|Any CPU.ActiveCfg = Release|Any CPU
		{E97AB663-BD05-4BFE-8F7F-B5DF85103612}.Release|Any CPU.Build.0 = Release|Any CPU
		{E97AB663-BD05-4BFE-8F7F-B5DF85103612}.Release|x64.ActiveCfg = Release|Any CPU
		{E97AB663-BD05-4BFE-8F7F-B5DF85103612}.Release|x64.Build.0 = Release|Any CPU
		{E97AB663-BD05-4BFE-8F7F-B5DF85103612}.Release|x86.ActiveCfg = Release|Any CPU
		{E97AB663-BD05-4BFE-8F7F-B5DF85103612}.Release|x86.Build.0 = Release|Any CPU
	EndGlobalSection
	GlobalSection(SolutionProperties) = preSolution
		HideSolutionNode = FALSE
	EndGlobalSection
	GlobalSection(NestedProjects) = preSolution
		{5A2A5DB5-D68B-46DC-B9A4-87FC67E9C2DB} = {827E0CD3-B72D-47B6-A68D-7590B98EB39B}
		{6FD5D78E-2CD5-4A30-AC01-BF59BB8DE85A} = {827E0CD3-B72D-47B6-A68D-7590B98EB39B}
		{0F2A3EF1-D385-41BA-8B0F-FD4463CABEB4} = {827E0CD3-B72D-47B6-A68D-7590B98EB39B}
		{E97AB663-BD05-4BFE-8F7F-B5DF85103612} = {0AB3BF05-4346-4AA6-1389-037BE0695223}
	EndGlobalSection
EndGlobal
